
Microsoft Visual Studio Solution File, Format Version 12.00
Project("{FAE04EC0-301F-11D3-BF4B-00C04F79EFBC}") = "Logging", "Logging\Logging.csproj", "{E9C62E59-E260-429A-A2AC-7A0D12284FEE}"
EndProject
Project("{FAE04EC0-301F-11D3-BF4B-00C04F79EFBC}") = "StructuredLogging", "StructuredLogging\StructuredLogging.csproj", "{66CAF5C7-5965-4DAD-A4D2-9B70BDC58F39}"
EndProject
Global
	GlobalSection(SolutionConfigurationPlatforms) = preSolution
		Debug|Any CPU = Debug|Any CPU
		Release|Any CPU = Release|Any CPU
	EndGlobalSection
	GlobalSection(ProjectConfigurationPlatforms) = postSolution
		{E9C62E59-E260-429A-A2AC-7A0D12284FEE}.Debug|Any CPU.ActiveCfg = Debug|Any CPU
		{E9C62E59-E260-429A-A2AC-7A0D12284FEE}.Debug|Any CPU.Build.0 = Debug|Any CPU
		{E9C62E59-E260-429A-A2AC-7A0D12284FEE}.Release|Any CPU.ActiveCfg = Release|Any CPU
		{E9C62E59-E260-429A-A2AC-7A0D12284FEE}.Release|Any CPU.Build.0 = Release|Any CPU
		{66CAF5C7-5965-4DAD-A4D2-9B70BDC58F39}.Debug|Any CPU.ActiveCfg = Debug|Any CPU
		{66CAF5C7-5965-4DAD-A4D2-9B70BDC58F39}.Debug|Any CPU.Build.0 = Debug|Any CPU
		{66CAF5C7-5965-4DAD-A4D2-9B70BDC58F39}.Release|Any CPU.ActiveCfg = Release|Any CPU
		{66CAF5C7-5965-4DAD-A4D2-9B70BDC58F39}.Release|Any CPU.Build.0 = Release|Any CPU
	EndGlobalSection
EndGlobal
