
Microsoft Visual Studio Solution File, Format Version 12.00
Project("{2150E333-8FDC-42A3-9474-1A3956D46DE8}") = "SingleResponsibilityPrinciple", "SingleResponsibilityPrinciple", "{4E691792-6168-4FA1-836C-DB608313FD33}"
EndProject
Project("{FAE04EC0-301F-11D3-BF4B-00C04F79EFBC}") = "BeforeSrp", "BeforeSrp\BeforeSrp.csproj", "{21F5B9C6-2DE4-4652-91D7-CEA68B8A5E53}"
EndProject
Project("{FAE04EC0-301F-11D3-BF4B-00C04F79EFBC}") = "AfterSrp", "AfterSrp\AfterSrp.csproj", "{74AABF44-22B9-44CC-A02D-D9C046A00C16}"
EndProject
Project("{2150E333-8FDC-42A3-9474-1A3956D46DE8}") = "OpenClosedPrinciple", "OpenClosedPrinciple", "{49635349-8E96-48C2-92A6-1D78DDEA4B02}"
EndProject
Project("{FAE04EC0-301F-11D3-BF4B-00C04F79EFBC}") = "Ocp", "Ocp\Ocp.csproj", "{1B353A37-4F02-42A0-B809-7A002FB39D37}"
EndProject
Project("{2150E333-8FDC-42A3-9474-1A3956D46DE8}") = "LiskovSubstitutionPrinciple", "LiskovSubstitutionPrinciple", "{828ACD8E-4F74-4413-84E0-2B96BB33C5DC}"
EndProject
Project("{FAE04EC0-301F-11D3-BF4B-00C04F79EFBC}") = "Lsp", "Lsp\Lsp.csproj", "{B32F6BCA-8B15-4FE9-91FE-BF09EDDDF653}"
EndProject
Project("{2150E333-8FDC-42A3-9474-1A3956D46DE8}") = "InterfaceSegregationPrinciple", "InterfaceSegregationPrinciple", "{2E7F4EFB-BFA9-409B-AD76-6D60AA306AE4}"
EndProject
Project("{FAE04EC0-301F-11D3-BF4B-00C04F79EFBC}") = "Isp", "Isp\Isp.csproj", "{DB02FEE5-4872-43D7-ADF0-305A55C36F0C}"
EndProject
Project("{2150E333-8FDC-42A3-9474-1A3956D46DE8}") = "DependencyInversionPrinciple", "DependencyInversionPrinciple", "{CC4086FC-0F0E-4F2D-91E3-7836E33ED5CF}"
EndProject
Project("{FAE04EC0-301F-11D3-BF4B-00C04F79EFBC}") = "Abstractions", "Abstractions\Abstractions.csproj", "{C0DA9616-2469-4870-B49C-3D7940EE4DD9}"
EndProject
Project("{FAE04EC0-301F-11D3-BF4B-00C04F79EFBC}") = "App", "App\App.csproj", "{ACE2BBCC-D215-418D-B0B3-9B5BB733C579}"
EndProject
Project("{FAE04EC0-301F-11D3-BF4B-00C04F79EFBC}") = "Core", "Core\Core.csproj", "{FEFFD553-9D78-4F4D-AAE8-A8193F957515}"
EndProject
Project("{FAE04EC0-301F-11D3-BF4B-00C04F79EFBC}") = "Local", "Local\Local.csproj", "{AF897BA4-3587-4DA5-906F-F039DD9734AF}"
EndProject
Project("{FAE04EC0-301F-11D3-BF4B-00C04F79EFBC}") = "Sql", "Sql\Sql.csproj", "{C7980482-4680-42F6-8BB6-BD6B95B10942}"
EndProject
Global
	GlobalSection(SolutionConfigurationPlatforms) = preSolution
		Debug|Any CPU = Debug|Any CPU
		Release|Any CPU = Release|Any CPU
	EndGlobalSection
	GlobalSection(NestedProjects) = preSolution
		{21F5B9C6-2DE4-4652-91D7-CEA68B8A5E53} = {4E691792-6168-4FA1-836C-DB608313FD33}
		{74AABF44-22B9-44CC-A02D-D9C046A00C16} = {4E691792-6168-4FA1-836C-DB608313FD33}
		{1B353A37-4F02-42A0-B809-7A002FB39D37} = {49635349-8E96-48C2-92A6-1D78DDEA4B02}
		{B32F6BCA-8B15-4FE9-91FE-BF09EDDDF653} = {828ACD8E-4F74-4413-84E0-2B96BB33C5DC}
		{DB02FEE5-4872-43D7-ADF0-305A55C36F0C} = {2E7F4EFB-BFA9-409B-AD76-6D60AA306AE4}
		{C0DA9616-2469-4870-B49C-3D7940EE4DD9} = {CC4086FC-0F0E-4F2D-91E3-7836E33ED5CF}
		{ACE2BBCC-D215-418D-B0B3-9B5BB733C579} = {CC4086FC-0F0E-4F2D-91E3-7836E33ED5CF}
		{FEFFD553-9D78-4F4D-AAE8-A8193F957515} = {CC4086FC-0F0E-4F2D-91E3-7836E33ED5CF}
		{AF897BA4-3587-4DA5-906F-F039DD9734AF} = {CC4086FC-0F0E-4F2D-91E3-7836E33ED5CF}
		{C7980482-4680-42F6-8BB6-BD6B95B10942} = {CC4086FC-0F0E-4F2D-91E3-7836E33ED5CF}
	EndGlobalSection
	GlobalSection(ProjectConfigurationPlatforms) = postSolution
		{21F5B9C6-2DE4-4652-91D7-CEA68B8A5E53}.Debug|Any CPU.ActiveCfg = Debug|Any CPU
		{21F5B9C6-2DE4-4652-91D7-CEA68B8A5E53}.Debug|Any CPU.Build.0 = Debug|Any CPU
		{21F5B9C6-2DE4-4652-91D7-CEA68B8A5E53}.Release|Any CPU.ActiveCfg = Release|Any CPU
		{21F5B9C6-2DE4-4652-91D7-CEA68B8A5E53}.Release|Any CPU.Build.0 = Release|Any CPU
		{74AABF44-22B9-44CC-A02D-D9C046A00C16}.Debug|Any CPU.ActiveCfg = Debug|Any CPU
		{74AABF44-22B9-44CC-A02D-D9C046A00C16}.Debug|Any CPU.Build.0 = Debug|Any CPU
		{74AABF44-22B9-44CC-A02D-D9C046A00C16}.Release|Any CPU.ActiveCfg = Release|Any CPU
		{74AABF44-22B9-44CC-A02D-D9C046A00C16}.Release|Any CPU.Build.0 = Release|Any CPU
		{1B353A37-4F02-42A0-B809-7A002FB39D37}.Debug|Any CPU.ActiveCfg = Debug|Any CPU
		{1B353A37-4F02-42A0-B809-7A002FB39D37}.Debug|Any CPU.Build.0 = Debug|Any CPU
		{1B353A37-4F02-42A0-B809-7A002FB39D37}.Release|Any CPU.ActiveCfg = Release|Any CPU
		{1B353A37-4F02-42A0-B809-7A002FB39D37}.Release|Any CPU.Build.0 = Release|Any CPU
		{B32F6BCA-8B15-4FE9-91FE-BF09EDDDF653}.Debug|Any CPU.ActiveCfg = Debug|Any CPU
		{B32F6BCA-8B15-4FE9-91FE-BF09EDDDF653}.Debug|Any CPU.Build.0 = Debug|Any CPU
		{B32F6BCA-8B15-4FE9-91FE-BF09EDDDF653}.Release|Any CPU.ActiveCfg = Release|Any CPU
		{B32F6BCA-8B15-4FE9-91FE-BF09EDDDF653}.Release|Any CPU.Build.0 = Release|Any CPU
		{DB02FEE5-4872-43D7-ADF0-305A55C36F0C}.Debug|Any CPU.ActiveCfg = Debug|Any CPU
		{DB02FEE5-4872-43D7-ADF0-305A55C36F0C}.Debug|Any CPU.Build.0 = Debug|Any CPU
		{DB02FEE5-4872-43D7-ADF0-305A55C36F0C}.Release|Any CPU.ActiveCfg = Release|Any CPU
		{DB02FEE5-4872-43D7-ADF0-305A55C36F0C}.Release|Any CPU.Build.0 = Release|Any CPU
		{C0DA9616-2469-4870-B49C-3D7940EE4DD9}.Debug|Any CPU.ActiveCfg = Debug|Any CPU
		{C0DA9616-2469-4870-B49C-3D7940EE4DD9}.Debug|Any CPU.Build.0 = Debug|Any CPU
		{C0DA9616-2469-4870-B49C-3D7940EE4DD9}.Release|Any CPU.ActiveCfg = Release|Any CPU
		{C0DA9616-2469-4870-B49C-3D7940EE4DD9}.Release|Any CPU.Build.0 = Release|Any CPU
		{ACE2BBCC-D215-418D-B0B3-9B5BB733C579}.Debug|Any CPU.ActiveCfg = Debug|Any CPU
		{ACE2BBCC-D215-418D-B0B3-9B5BB733C579}.Debug|Any CPU.Build.0 = Debug|Any CPU
		{ACE2BBCC-D215-418D-B0B3-9B5BB733C579}.Release|Any CPU.ActiveCfg = Release|Any CPU
		{ACE2BBCC-D215-418D-B0B3-9B5BB733C579}.Release|Any CPU.Build.0 = Release|Any CPU
		{FEFFD553-9D78-4F4D-AAE8-A8193F957515}.Debug|Any CPU.ActiveCfg = Debug|Any CPU
		{FEFFD553-9D78-4F4D-AAE8-A8193F957515}.Debug|Any CPU.Build.0 = Debug|Any CPU
		{FEFFD553-9D78-4F4D-AAE8-A8193F957515}.Release|Any CPU.ActiveCfg = Release|Any CPU
		{FEFFD553-9D78-4F4D-AAE8-A8193F957515}.Release|Any CPU.Build.0 = Release|Any CPU
		{AF897BA4-3587-4DA5-906F-F039DD9734AF}.Debug|Any CPU.ActiveCfg = Debug|Any CPU
		{AF897BA4-3587-4DA5-906F-F039DD9734AF}.Debug|Any CPU.Build.0 = Debug|Any CPU
		{AF897BA4-3587-4DA5-906F-F039DD9734AF}.Release|Any CPU.ActiveCfg = Release|Any CPU
		{AF897BA4-3587-4DA5-906F-F039DD9734AF}.Release|Any CPU.Build.0 = Release|Any CPU
		{C7980482-4680-42F6-8BB6-BD6B95B10942}.Debug|Any CPU.ActiveCfg = Debug|Any CPU
		{C7980482-4680-42F6-8BB6-BD6B95B10942}.Debug|Any CPU.Build.0 = Debug|Any CPU
		{C7980482-4680-42F6-8BB6-BD6B95B10942}.Release|Any CPU.ActiveCfg = Release|Any CPU
		{C7980482-4680-42F6-8BB6-BD6B95B10942}.Release|Any CPU.Build.0 = Release|Any CPU
	EndGlobalSection
EndGlobal
