
Microsoft Visual Studio Solution File, Format Version 12.00
Project("{2150E333-8FDC-42A3-9474-1A3956D46DE8}") = "CQS", "CQS", "{4F301B00-3622-4DF9-A73A-E191782E4ABD}"
EndProject
Project("{FAE04EC0-301F-11D3-BF4B-00C04F79EFBC}") = "CQS", "CQS\CQS.csproj", "{10928726-2AE9-435D-BF6F-044049D1CD7A}"
EndProject
Project("{2150E333-8FDC-42A3-9474-1A3956D46DE8}") = "Mediator", "Mediator", "{D6D19D05-BB5A-42B2-BF7E-42AC04A44760}"
EndProject
Project("{FAE04EC0-301F-11D3-BF4B-00C04F79EFBC}") = "Mediator", "Mediator\Mediator.csproj", "{EA00BCC3-732D-4C09-A040-B021A7699994}"
EndProject
Project("{2150E333-8FDC-42A3-9474-1A3956D46DE8}") = "MediatR", "MediatR", "{8531E81D-A18D-46D4-B9B2-D6C8D491540C}"
EndProject
Project("{FAE04EC0-301F-11D3-BF4B-00C04F79EFBC}") = "MediatRCore", "MediatRCore\MediatRCore.csproj", "{B89095E0-5EE3-4C81-B065-C60B5C9D01F2}"
EndProject
Project("{FAE04EC0-301F-11D3-BF4B-00C04F79EFBC}") = "MediatRInfrastructure.Data.EF", "MediatRInfrastructure.Data.EF\MediatRInfrastructure.Data.EF.csproj", "{40E56B54-3744-42C8-9DF7-F05112AA2653}"
EndProject
Project("{FAE04EC0-301F-11D3-BF4B-00C04F79EFBC}") = "MediatRWeb", "MediatRWeb\MediatRWeb.csproj", "{9D5F40AE-EE48-4DB3-B49A-CF3BEC961660}"
EndProject
Global
	GlobalSection(SolutionConfigurationPlatforms) = preSolution
		Debug|Any CPU = Debug|Any CPU
		Release|Any CPU = Release|Any CPU
	EndGlobalSection
	GlobalSection(NestedProjects) = preSolution
		{10928726-2AE9-435D-BF6F-044049D1CD7A} = {4F301B00-3622-4DF9-A73A-E191782E4ABD}
		{EA00BCC3-732D-4C09-A040-B021A7699994} = {D6D19D05-BB5A-42B2-BF7E-42AC04A44760}
		{B89095E0-5EE3-4C81-B065-C60B5C9D01F2} = {8531E81D-A18D-46D4-B9B2-D6C8D491540C}
		{40E56B54-3744-42C8-9DF7-F05112AA2653} = {8531E81D-A18D-46D4-B9B2-D6C8D491540C}
		{9D5F40AE-EE48-4DB3-B49A-CF3BEC961660} = {8531E81D-A18D-46D4-B9B2-D6C8D491540C}
	EndGlobalSection
	GlobalSection(ProjectConfigurationPlatforms) = postSolution
		{10928726-2AE9-435D-BF6F-044049D1CD7A}.Debug|Any CPU.ActiveCfg = Debug|Any CPU
		{10928726-2AE9-435D-BF6F-044049D1CD7A}.Debug|Any CPU.Build.0 = Debug|Any CPU
		{10928726-2AE9-435D-BF6F-044049D1CD7A}.Release|Any CPU.ActiveCfg = Release|Any CPU
		{10928726-2AE9-435D-BF6F-044049D1CD7A}.Release|Any CPU.Build.0 = Release|Any CPU
		{EA00BCC3-732D-4C09-A040-B021A7699994}.Debug|Any CPU.ActiveCfg = Debug|Any CPU
		{EA00BCC3-732D-4C09-A040-B021A7699994}.Debug|Any CPU.Build.0 = Debug|Any CPU
		{EA00BCC3-732D-4C09-A040-B021A7699994}.Release|Any CPU.ActiveCfg = Release|Any CPU
		{EA00BCC3-732D-4C09-A040-B021A7699994}.Release|Any CPU.Build.0 = Release|Any CPU
		{B89095E0-5EE3-4C81-B065-C60B5C9D01F2}.Debug|Any CPU.ActiveCfg = Debug|Any CPU
		{B89095E0-5EE3-4C81-B065-C60B5C9D01F2}.Debug|Any CPU.Build.0 = Debug|Any CPU
		{B89095E0-5EE3-4C81-B065-C60B5C9D01F2}.Release|Any CPU.ActiveCfg = Release|Any CPU
		{B89095E0-5EE3-4C81-B065-C60B5C9D01F2}.Release|Any CPU.Build.0 = Release|Any CPU
		{40E56B54-3744-42C8-9DF7-F05112AA2653}.Debug|Any CPU.ActiveCfg = Debug|Any CPU
		{40E56B54-3744-42C8-9DF7-F05112AA2653}.Debug|Any CPU.Build.0 = Debug|Any CPU
		{40E56B54-3744-42C8-9DF7-F05112AA2653}.Release|Any CPU.ActiveCfg = Release|Any CPU
		{40E56B54-3744-42C8-9DF7-F05112AA2653}.Release|Any CPU.Build.0 = Release|Any CPU
		{9D5F40AE-EE48-4DB3-B49A-CF3BEC961660}.Debug|Any CPU.ActiveCfg = Debug|Any CPU
		{9D5F40AE-EE48-4DB3-B49A-CF3BEC961660}.Debug|Any CPU.Build.0 = Debug|Any CPU
		{9D5F40AE-EE48-4DB3-B49A-CF3BEC961660}.Release|Any CPU.ActiveCfg = Release|Any CPU
		{9D5F40AE-EE48-4DB3-B49A-CF3BEC961660}.Release|Any CPU.Build.0 = Release|Any CPU
	EndGlobalSection
EndGlobal
