
Microsoft Visual Studio Solution File, Format Version 12.00
Project("{2150E333-8FDC-42A3-9474-1A3956D46DE8}") = "AggregateAndFacade", "AggregateAndFacade", "{519C774F-5329-4AED-A287-DE985D8840FE}"
EndProject
Project("{FAE04EC0-301F-11D3-BF4B-00C04F79EFBC}") = "AggregateServices", "AggregateServices\AggregateServices.csproj", "{EA80F8AB-96DF-4C5E-9A8A-8EBFEF95FD05}"
EndProject
Project("{FAE04EC0-301F-11D3-BF4B-00C04F79EFBC}") = "MappingFacade", "MappingFacade\MappingFacade.csproj", "{9C7FFFA5-24D4-47DD-8280-032E753C9843}"
EndProject
Project("{FAE04EC0-301F-11D3-BF4B-00C04F79EFBC}") = "Shared", "Shared\Shared.csproj", "{B08D79E4-729B-44E7-9B72-6B78C89FF120}"
EndProject
Project("{2150E333-8FDC-42A3-9474-1A3956D46DE8}") = "AutoMapperApp", "AutoMapperApp", "{A6F59B07-DB57-4A30-8F5F-F13A98245104}"
EndProject
Project("{FAE04EC0-301F-11D3-BF4B-00C04F79EFBC}") = "Core", "Core\Core.csproj", "{851ADD44-825F-4607-A4B1-B262F48311CC}"
EndProject
Project("{FAE04EC0-301F-11D3-BF4B-00C04F79EFBC}") = "Infrastructure.Data.EF", "Infrastructure.Data.EF\Infrastructure.Data.EF.csproj", "{771B5A5E-7ADE-476A-8FB1-00651E8016B1}"
EndProject
Project("{FAE04EC0-301F-11D3-BF4B-00C04F79EFBC}") = "Web", "Web\Web.csproj", "{9C24627F-735A-4544-B02D-86DD158CC4FF}"
EndProject
Project("{2150E333-8FDC-42A3-9474-1A3956D46DE8}") = "ManualMapping", "ManualMapping", "{5E46A745-6D4F-47C7-979A-F7AAA65E4061}"
EndProject
Project("{FAE04EC0-301F-11D3-BF4B-00C04F79EFBC}") = "ManualMapping", "ManualMapping\ManualMapping.csproj", "{1BEF3CE3-50B8-4575-BEA0-61BCC5917DE8}"
EndProject
Project("{2150E333-8FDC-42A3-9474-1A3956D46DE8}") = "Mapper", "Mapper", "{CAAEF762-7B66-491E-8107-5F70F4B3F3CA}"
EndProject
Project("{FAE04EC0-301F-11D3-BF4B-00C04F79EFBC}") = "MapperCore", "MapperCore\MapperCore.csproj", "{ED36B30F-98F8-4B6A-9606-36A476A81CB2}"
EndProject
Project("{FAE04EC0-301F-11D3-BF4B-00C04F79EFBC}") = "MapperInfrastructure.Data.EF", "MapperInfrastructure.Data.EF\MapperInfrastructure.Data.EF.csproj", "{A5E7D4CC-133F-4172-80B7-E56B671FDEE3}"
EndProject
Project("{FAE04EC0-301F-11D3-BF4B-00C04F79EFBC}") = "MapperWeb", "MapperWeb\MapperWeb.csproj", "{A4EF0B1D-FC6B-4F94-8F7B-D94F9E4C47C4}"
EndProject
Project("{2150E333-8FDC-42A3-9474-1A3956D46DE8}") = "Mapperly", "Mapperly", "{84FDD5F8-1CBB-43B3-9CC9-396593B424C4}"
EndProject
Project("{FAE04EC0-301F-11D3-BF4B-00C04F79EFBC}") = "MapperlyCore", "MapperlyCore\MapperlyCore.csproj", "{DC9CC839-D4BC-4776-9430-83DCE18AF157}"
EndProject
Project("{FAE04EC0-301F-11D3-BF4B-00C04F79EFBC}") = "MapperlyInfrastructure.Data.EF", "MapperlyInfrastructure.Data.EF\MapperlyInfrastructure.Data.EF.csproj", "{DCA7F7BE-D869-412D-B283-1FF44E1BF1A1}"
EndProject
Project("{FAE04EC0-301F-11D3-BF4B-00C04F79EFBC}") = "MapperlyWeb", "MapperlyWeb\MapperlyWeb.csproj", "{1C212FCC-DA46-479F-B2BE-EDC1FA42C3CF}"
EndProject
Project("{2150E333-8FDC-42A3-9474-1A3956D46DE8}") = "MapperService", "MapperService", "{625AE59F-FA6F-44DF-847C-B0FDD1B432CC}"
EndProject
Project("{FAE04EC0-301F-11D3-BF4B-00C04F79EFBC}") = "MapperServiceCore", "MapperServiceCore\MapperServiceCore.csproj", "{6A9EAD96-18FA-4B5E-ACFC-60CA7ED98996}"
EndProject
Project("{FAE04EC0-301F-11D3-BF4B-00C04F79EFBC}") = "MapperServiceInfrastructure.Data.EF", "MapperServiceInfrastructure.Data.EF\MapperServiceInfrastructure.Data.EF.csproj", "{55DB0BB4-E625-4BD6-A8E0-7349C3AE602F}"
EndProject
Project("{FAE04EC0-301F-11D3-BF4B-00C04F79EFBC}") = "MapperServiceWeb", "MapperServiceWeb\MapperServiceWeb.csproj", "{6ED57A88-9B89-4522-AB82-0B2D54159E53}"
EndProject
Global
	GlobalSection(SolutionConfigurationPlatforms) = preSolution
		Debug|Any CPU = Debug|Any CPU
		Release|Any CPU = Release|Any CPU
	EndGlobalSection
	GlobalSection(NestedProjects) = preSolution
		{EA80F8AB-96DF-4C5E-9A8A-8EBFEF95FD05} = {519C774F-5329-4AED-A287-DE985D8840FE}
		{9C7FFFA5-24D4-47DD-8280-032E753C9843} = {519C774F-5329-4AED-A287-DE985D8840FE}
		{B08D79E4-729B-44E7-9B72-6B78C89FF120} = {519C774F-5329-4AED-A287-DE985D8840FE}
		{851ADD44-825F-4607-A4B1-B262F48311CC} = {A6F59B07-DB57-4A30-8F5F-F13A98245104}
		{771B5A5E-7ADE-476A-8FB1-00651E8016B1} = {A6F59B07-DB57-4A30-8F5F-F13A98245104}
		{9C24627F-735A-4544-B02D-86DD158CC4FF} = {A6F59B07-DB57-4A30-8F5F-F13A98245104}
		{1BEF3CE3-50B8-4575-BEA0-61BCC5917DE8} = {5E46A745-6D4F-47C7-979A-F7AAA65E4061}
		{ED36B30F-98F8-4B6A-9606-36A476A81CB2} = {CAAEF762-7B66-491E-8107-5F70F4B3F3CA}
		{A5E7D4CC-133F-4172-80B7-E56B671FDEE3} = {CAAEF762-7B66-491E-8107-5F70F4B3F3CA}
		{A4EF0B1D-FC6B-4F94-8F7B-D94F9E4C47C4} = {CAAEF762-7B66-491E-8107-5F70F4B3F3CA}
		{DC9CC839-D4BC-4776-9430-83DCE18AF157} = {84FDD5F8-1CBB-43B3-9CC9-396593B424C4}
		{DCA7F7BE-D869-412D-B283-1FF44E1BF1A1} = {84FDD5F8-1CBB-43B3-9CC9-396593B424C4}
		{1C212FCC-DA46-479F-B2BE-EDC1FA42C3CF} = {84FDD5F8-1CBB-43B3-9CC9-396593B424C4}
		{6A9EAD96-18FA-4B5E-ACFC-60CA7ED98996} = {625AE59F-FA6F-44DF-847C-B0FDD1B432CC}
		{55DB0BB4-E625-4BD6-A8E0-7349C3AE602F} = {625AE59F-FA6F-44DF-847C-B0FDD1B432CC}
		{6ED57A88-9B89-4522-AB82-0B2D54159E53} = {625AE59F-FA6F-44DF-847C-B0FDD1B432CC}
	EndGlobalSection
	GlobalSection(ProjectConfigurationPlatforms) = postSolution
		{EA80F8AB-96DF-4C5E-9A8A-8EBFEF95FD05}.Debug|Any CPU.ActiveCfg = Debug|Any CPU
		{EA80F8AB-96DF-4C5E-9A8A-8EBFEF95FD05}.Debug|Any CPU.Build.0 = Debug|Any CPU
		{EA80F8AB-96DF-4C5E-9A8A-8EBFEF95FD05}.Release|Any CPU.ActiveCfg = Release|Any CPU
		{EA80F8AB-96DF-4C5E-9A8A-8EBFEF95FD05}.Release|Any CPU.Build.0 = Release|Any CPU
		{9C7FFFA5-24D4-47DD-8280-032E753C9843}.Debug|Any CPU.ActiveCfg = Debug|Any CPU
		{9C7FFFA5-24D4-47DD-8280-032E753C9843}.Debug|Any CPU.Build.0 = Debug|Any CPU
		{9C7FFFA5-24D4-47DD-8280-032E753C9843}.Release|Any CPU.ActiveCfg = Release|Any CPU
		{9C7FFFA5-24D4-47DD-8280-032E753C9843}.Release|Any CPU.Build.0 = Release|Any CPU
		{B08D79E4-729B-44E7-9B72-6B78C89FF120}.Debug|Any CPU.ActiveCfg = Debug|Any CPU
		{B08D79E4-729B-44E7-9B72-6B78C89FF120}.Debug|Any CPU.Build.0 = Debug|Any CPU
		{B08D79E4-729B-44E7-9B72-6B78C89FF120}.Release|Any CPU.ActiveCfg = Release|Any CPU
		{B08D79E4-729B-44E7-9B72-6B78C89FF120}.Release|Any CPU.Build.0 = Release|Any CPU
		{851ADD44-825F-4607-A4B1-B262F48311CC}.Debug|Any CPU.ActiveCfg = Debug|Any CPU
		{851ADD44-825F-4607-A4B1-B262F48311CC}.Debug|Any CPU.Build.0 = Debug|Any CPU
		{851ADD44-825F-4607-A4B1-B262F48311CC}.Release|Any CPU.ActiveCfg = Release|Any CPU
		{851ADD44-825F-4607-A4B1-B262F48311CC}.Release|Any CPU.Build.0 = Release|Any CPU
		{771B5A5E-7ADE-476A-8FB1-00651E8016B1}.Debug|Any CPU.ActiveCfg = Debug|Any CPU
		{771B5A5E-7ADE-476A-8FB1-00651E8016B1}.Debug|Any CPU.Build.0 = Debug|Any CPU
		{771B5A5E-7ADE-476A-8FB1-00651E8016B1}.Release|Any CPU.ActiveCfg = Release|Any CPU
		{771B5A5E-7ADE-476A-8FB1-00651E8016B1}.Release|Any CPU.Build.0 = Release|Any CPU
		{9C24627F-735A-4544-B02D-86DD158CC4FF}.Debug|Any CPU.ActiveCfg = Debug|Any CPU
		{9C24627F-735A-4544-B02D-86DD158CC4FF}.Debug|Any CPU.Build.0 = Debug|Any CPU
		{9C24627F-735A-4544-B02D-86DD158CC4FF}.Release|Any CPU.ActiveCfg = Release|Any CPU
		{9C24627F-735A-4544-B02D-86DD158CC4FF}.Release|Any CPU.Build.0 = Release|Any CPU
		{1BEF3CE3-50B8-4575-BEA0-61BCC5917DE8}.Debug|Any CPU.ActiveCfg = Debug|Any CPU
		{1BEF3CE3-50B8-4575-BEA0-61BCC5917DE8}.Debug|Any CPU.Build.0 = Debug|Any CPU
		{1BEF3CE3-50B8-4575-BEA0-61BCC5917DE8}.Release|Any CPU.ActiveCfg = Release|Any CPU
		{1BEF3CE3-50B8-4575-BEA0-61BCC5917DE8}.Release|Any CPU.Build.0 = Release|Any CPU
		{ED36B30F-98F8-4B6A-9606-36A476A81CB2}.Debug|Any CPU.ActiveCfg = Debug|Any CPU
		{ED36B30F-98F8-4B6A-9606-36A476A81CB2}.Debug|Any CPU.Build.0 = Debug|Any CPU
		{ED36B30F-98F8-4B6A-9606-36A476A81CB2}.Release|Any CPU.ActiveCfg = Release|Any CPU
		{ED36B30F-98F8-4B6A-9606-36A476A81CB2}.Release|Any CPU.Build.0 = Release|Any CPU
		{A5E7D4CC-133F-4172-80B7-E56B671FDEE3}.Debug|Any CPU.ActiveCfg = Debug|Any CPU
		{A5E7D4CC-133F-4172-80B7-E56B671FDEE3}.Debug|Any CPU.Build.0 = Debug|Any CPU
		{A5E7D4CC-133F-4172-80B7-E56B671FDEE3}.Release|Any CPU.ActiveCfg = Release|Any CPU
		{A5E7D4CC-133F-4172-80B7-E56B671FDEE3}.Release|Any CPU.Build.0 = Release|Any CPU
		{A4EF0B1D-FC6B-4F94-8F7B-D94F9E4C47C4}.Debug|Any CPU.ActiveCfg = Debug|Any CPU
		{A4EF0B1D-FC6B-4F94-8F7B-D94F9E4C47C4}.Debug|Any CPU.Build.0 = Debug|Any CPU
		{A4EF0B1D-FC6B-4F94-8F7B-D94F9E4C47C4}.Release|Any CPU.ActiveCfg = Release|Any CPU
		{A4EF0B1D-FC6B-4F94-8F7B-D94F9E4C47C4}.Release|Any CPU.Build.0 = Release|Any CPU
		{DC9CC839-D4BC-4776-9430-83DCE18AF157}.Debug|Any CPU.ActiveCfg = Debug|Any CPU
		{DC9CC839-D4BC-4776-9430-83DCE18AF157}.Debug|Any CPU.Build.0 = Debug|Any CPU
		{DC9CC839-D4BC-4776-9430-83DCE18AF157}.Release|Any CPU.ActiveCfg = Release|Any CPU
		{DC9CC839-D4BC-4776-9430-83DCE18AF157}.Release|Any CPU.Build.0 = Release|Any CPU
		{DCA7F7BE-D869-412D-B283-1FF44E1BF1A1}.Debug|Any CPU.ActiveCfg = Debug|Any CPU
		{DCA7F7BE-D869-412D-B283-1FF44E1BF1A1}.Debug|Any CPU.Build.0 = Debug|Any CPU
		{DCA7F7BE-D869-412D-B283-1FF44E1BF1A1}.Release|Any CPU.ActiveCfg = Release|Any CPU
		{DCA7F7BE-D869-412D-B283-1FF44E1BF1A1}.Release|Any CPU.Build.0 = Release|Any CPU
		{1C212FCC-DA46-479F-B2BE-EDC1FA42C3CF}.Debug|Any CPU.ActiveCfg = Debug|Any CPU
		{1C212FCC-DA46-479F-B2BE-EDC1FA42C3CF}.Debug|Any CPU.Build.0 = Debug|Any CPU
		{1C212FCC-DA46-479F-B2BE-EDC1FA42C3CF}.Release|Any CPU.ActiveCfg = Release|Any CPU
		{1C212FCC-DA46-479F-B2BE-EDC1FA42C3CF}.Release|Any CPU.Build.0 = Release|Any CPU
		{6A9EAD96-18FA-4B5E-ACFC-60CA7ED98996}.Debug|Any CPU.ActiveCfg = Debug|Any CPU
		{6A9EAD96-18FA-4B5E-ACFC-60CA7ED98996}.Debug|Any CPU.Build.0 = Debug|Any CPU
		{6A9EAD96-18FA-4B5E-ACFC-60CA7ED98996}.Release|Any CPU.ActiveCfg = Release|Any CPU
		{6A9EAD96-18FA-4B5E-ACFC-60CA7ED98996}.Release|Any CPU.Build.0 = Release|Any CPU
		{55DB0BB4-E625-4BD6-A8E0-7349C3AE602F}.Debug|Any CPU.ActiveCfg = Debug|Any CPU
		{55DB0BB4-E625-4BD6-A8E0-7349C3AE602F}.Debug|Any CPU.Build.0 = Debug|Any CPU
		{55DB0BB4-E625-4BD6-A8E0-7349C3AE602F}.Release|Any CPU.ActiveCfg = Release|Any CPU
		{55DB0BB4-E625-4BD6-A8E0-7349C3AE602F}.Release|Any CPU.Build.0 = Release|Any CPU
		{6ED57A88-9B89-4522-AB82-0B2D54159E53}.Debug|Any CPU.ActiveCfg = Debug|Any CPU
		{6ED57A88-9B89-4522-AB82-0B2D54159E53}.Debug|Any CPU.Build.0 = Debug|Any CPU
		{6ED57A88-9B89-4522-AB82-0B2D54159E53}.Release|Any CPU.ActiveCfg = Release|Any CPU
		{6ED57A88-9B89-4522-AB82-0B2D54159E53}.Release|Any CPU.Build.0 = Release|Any CPU
	EndGlobalSection
EndGlobal
