
Microsoft Visual Studio Solution File, Format Version 12.00
Project("{2150E333-8FDC-42A3-9474-1A3956D46DE8}") = "applications", "applications", "{F7F2A3DB-399E-4713-9C15-905FD15EF83F}"
EndProject
Project("{2150E333-8FDC-42A3-9474-1A3956D46DE8}") = "aggregator", "aggregator", "{27FCB916-1871-40E6-883C-4E7985E2F92E}"
EndProject
Project("{2150E333-8FDC-42A3-9474-1A3956D46DE8}") = "gateway", "gateway", "{23F3871F-6B8C-45E3-BFD3-95DFE8CCCCB2}"
EndProject
Project("{FAE04EC0-301F-11D3-BF4B-00C04F79EFBC}") = "API", "API\API.csproj", "{6DF2E661-6982-40E5-8EBE-CBD7E8C12A80}"
EndProject
Project("{FAE04EC0-301F-11D3-BF4B-00C04F79EFBC}") = "API.Contracts", "API.Contracts\API.Contracts.csproj", "{73D4863E-1026-45FD-BE76-15BFD5CD50C6}"
EndProject
Project("{FAE04EC0-301F-11D3-BF4B-00C04F79EFBC}") = "BFF", "BFF\BFF.csproj", "{6A427444-B46F-40F9-9409-C0DE997B09EC}"
EndProject
Project("{2150E333-8FDC-42A3-9474-1A3956D46DE8}") = "modules", "modules", "{A8D26497-3B89-4C8E-809D-481B7A6E69A6}"
EndProject
Project("{2150E333-8FDC-42A3-9474-1A3956D46DE8}") = "cart", "cart", "{96ACF473-F5FA-4720-B01B-A2826D4088BE}"
EndProject
Project("{2150E333-8FDC-42A3-9474-1A3956D46DE8}") = "catalog", "catalog", "{D27CE95D-7A06-4281-8DD6-9BB86D5F6986}"
EndProject
Project("{FAE04EC0-301F-11D3-BF4B-00C04F79EFBC}") = "Baskets", "Baskets\Baskets.csproj", "{E0DB0E7A-BCA2-463C-861E-F9F125319C35}"
EndProject
Project("{FAE04EC0-301F-11D3-BF4B-00C04F79EFBC}") = "Baskets.Contracts", "Baskets.Contracts\Baskets.Contracts.csproj", "{50F61847-91EE-408C-A560-AD80CA1E652A}"
EndProject
Project("{FAE04EC0-301F-11D3-BF4B-00C04F79EFBC}") = "Products", "Products\Products.csproj", "{D44EE8D2-391F-435D-A400-9F673FB8D4C2}"
EndProject
Project("{FAE04EC0-301F-11D3-BF4B-00C04F79EFBC}") = "Products.Contracts", "Products.Contracts\Products.Contracts.csproj", "{D8A2CB8A-C5A3-409D-B4A6-199DE86FC2E6}"
EndProject
Project("{2150E333-8FDC-42A3-9474-1A3956D46DE8}") = "shared", "shared", "{64D247F8-7D90-4A6E-A492-84880064A0CA}"
EndProject
Project("{FAE04EC0-301F-11D3-BF4B-00C04F79EFBC}") = "API.HttpClient", "API.HttpClient\API.HttpClient.csproj", "{0E95EBA5-E088-438B-9EF2-2190C11895CC}"
EndProject
Global
	GlobalSection(SolutionConfigurationPlatforms) = preSolution
		Debug|Any CPU = Debug|Any CPU
		Release|Any CPU = Release|Any CPU
	EndGlobalSection
	GlobalSection(ProjectConfigurationPlatforms) = postSolution
		{6DF2E661-6982-40E5-8EBE-CBD7E8C12A80}.Debug|Any CPU.ActiveCfg = Debug|Any CPU
		{6DF2E661-6982-40E5-8EBE-CBD7E8C12A80}.Debug|Any CPU.Build.0 = Debug|Any CPU
		{6DF2E661-6982-40E5-8EBE-CBD7E8C12A80}.Release|Any CPU.ActiveCfg = Release|Any CPU
		{6DF2E661-6982-40E5-8EBE-CBD7E8C12A80}.Release|Any CPU.Build.0 = Release|Any CPU
		{73D4863E-1026-45FD-BE76-15BFD5CD50C6}.Debug|Any CPU.ActiveCfg = Debug|Any CPU
		{73D4863E-1026-45FD-BE76-15BFD5CD50C6}.Debug|Any CPU.Build.0 = Debug|Any CPU
		{73D4863E-1026-45FD-BE76-15BFD5CD50C6}.Release|Any CPU.ActiveCfg = Release|Any CPU
		{73D4863E-1026-45FD-BE76-15BFD5CD50C6}.Release|Any CPU.Build.0 = Release|Any CPU
		{6A427444-B46F-40F9-9409-C0DE997B09EC}.Debug|Any CPU.ActiveCfg = Debug|Any CPU
		{6A427444-B46F-40F9-9409-C0DE997B09EC}.Debug|Any CPU.Build.0 = Debug|Any CPU
		{6A427444-B46F-40F9-9409-C0DE997B09EC}.Release|Any CPU.ActiveCfg = Release|Any CPU
		{6A427444-B46F-40F9-9409-C0DE997B09EC}.Release|Any CPU.Build.0 = Release|Any CPU
		{E0DB0E7A-BCA2-463C-861E-F9F125319C35}.Debug|Any CPU.ActiveCfg = Debug|Any CPU
		{E0DB0E7A-BCA2-463C-861E-F9F125319C35}.Debug|Any CPU.Build.0 = Debug|Any CPU
		{E0DB0E7A-BCA2-463C-861E-F9F125319C35}.Release|Any CPU.ActiveCfg = Release|Any CPU
		{E0DB0E7A-BCA2-463C-861E-F9F125319C35}.Release|Any CPU.Build.0 = Release|Any CPU
		{50F61847-91EE-408C-A560-AD80CA1E652A}.Debug|Any CPU.ActiveCfg = Debug|Any CPU
		{50F61847-91EE-408C-A560-AD80CA1E652A}.Debug|Any CPU.Build.0 = Debug|Any CPU
		{50F61847-91EE-408C-A560-AD80CA1E652A}.Release|Any CPU.ActiveCfg = Release|Any CPU
		{50F61847-91EE-408C-A560-AD80CA1E652A}.Release|Any CPU.Build.0 = Release|Any CPU
		{D44EE8D2-391F-435D-A400-9F673FB8D4C2}.Debug|Any CPU.ActiveCfg = Debug|Any CPU
		{D44EE8D2-391F-435D-A400-9F673FB8D4C2}.Debug|Any CPU.Build.0 = Debug|Any CPU
		{D44EE8D2-391F-435D-A400-9F673FB8D4C2}.Release|Any CPU.ActiveCfg = Release|Any CPU
		{D44EE8D2-391F-435D-A400-9F673FB8D4C2}.Release|Any CPU.Build.0 = Release|Any CPU
		{D8A2CB8A-C5A3-409D-B4A6-199DE86FC2E6}.Debug|Any CPU.ActiveCfg = Debug|Any CPU
		{D8A2CB8A-C5A3-409D-B4A6-199DE86FC2E6}.Debug|Any CPU.Build.0 = Debug|Any CPU
		{D8A2CB8A-C5A3-409D-B4A6-199DE86FC2E6}.Release|Any CPU.ActiveCfg = Release|Any CPU
		{D8A2CB8A-C5A3-409D-B4A6-199DE86FC2E6}.Release|Any CPU.Build.0 = Release|Any CPU
		{0E95EBA5-E088-438B-9EF2-2190C11895CC}.Debug|Any CPU.ActiveCfg = Debug|Any CPU
		{0E95EBA5-E088-438B-9EF2-2190C11895CC}.Debug|Any CPU.Build.0 = Debug|Any CPU
		{0E95EBA5-E088-438B-9EF2-2190C11895CC}.Release|Any CPU.ActiveCfg = Release|Any CPU
		{0E95EBA5-E088-438B-9EF2-2190C11895CC}.Release|Any CPU.Build.0 = Release|Any CPU
	EndGlobalSection
	GlobalSection(NestedProjects) = preSolution
		{27FCB916-1871-40E6-883C-4E7985E2F92E} = {F7F2A3DB-399E-4713-9C15-905FD15EF83F}
		{23F3871F-6B8C-45E3-BFD3-95DFE8CCCCB2} = {F7F2A3DB-399E-4713-9C15-905FD15EF83F}
		{6DF2E661-6982-40E5-8EBE-CBD7E8C12A80} = {27FCB916-1871-40E6-883C-4E7985E2F92E}
		{73D4863E-1026-45FD-BE76-15BFD5CD50C6} = {27FCB916-1871-40E6-883C-4E7985E2F92E}
		{6A427444-B46F-40F9-9409-C0DE997B09EC} = {23F3871F-6B8C-45E3-BFD3-95DFE8CCCCB2}
		{96ACF473-F5FA-4720-B01B-A2826D4088BE} = {A8D26497-3B89-4C8E-809D-481B7A6E69A6}
		{D27CE95D-7A06-4281-8DD6-9BB86D5F6986} = {A8D26497-3B89-4C8E-809D-481B7A6E69A6}
		{E0DB0E7A-BCA2-463C-861E-F9F125319C35} = {96ACF473-F5FA-4720-B01B-A2826D4088BE}
		{50F61847-91EE-408C-A560-AD80CA1E652A} = {96ACF473-F5FA-4720-B01B-A2826D4088BE}
		{D44EE8D2-391F-435D-A400-9F673FB8D4C2} = {D27CE95D-7A06-4281-8DD6-9BB86D5F6986}
		{D8A2CB8A-C5A3-409D-B4A6-199DE86FC2E6} = {D27CE95D-7A06-4281-8DD6-9BB86D5F6986}
		{0E95EBA5-E088-438B-9EF2-2190C11895CC} = {64D247F8-7D90-4A6E-A492-84880064A0CA}
	EndGlobalSection
EndGlobal
