
Microsoft Visual Studio Solution File, Format Version 12.00
Project("{FAE04EC0-301F-11D3-BF4B-00C04F79EFBC}") = "Strategy", "Strategy\Strategy.csproj", "{875530ED-C311-41F3-B037-10F5DCCA188D}"
EndProject
Project("{FAE04EC0-301F-11D3-BF4B-00C04F79EFBC}") = "MySortingMachine", "MySortingMachine\MySortingMachine.csproj", "{19ADB460-18C1-4829-81D8-2D336B1B4673}"
EndProject
Project("{FAE04EC0-301F-11D3-BF4B-00C04F79EFBC}") = "AbstractFactory", "AbstractFactory\AbstractFactory.csproj", "{498C2A5F-515F-4FB5-BECB-10C0F78984C4}"
EndProject
Project("{FAE04EC0-301F-11D3-BF4B-00C04F79EFBC}") = "Singleton", "Singleton\Singleton.csproj", "{4D5E96A2-DFA6-4261-AAE5-2646F168152B}"
EndProject
Global
	GlobalSection(SolutionConfigurationPlatforms) = preSolution
		Debug|Any CPU = Debug|Any CPU
		Release|Any CPU = Release|Any CPU
	EndGlobalSection
	GlobalSection(ProjectConfigurationPlatforms) = postSolution
		{875530ED-C311-41F3-B037-10F5DCCA188D}.Debug|Any CPU.ActiveCfg = Debug|Any CPU
		{875530ED-C311-41F3-B037-10F5DCCA188D}.Debug|Any CPU.Build.0 = Debug|Any CPU
		{875530ED-C311-41F3-B037-10F5DCCA188D}.Release|Any CPU.ActiveCfg = Release|Any CPU
		{875530ED-C311-41F3-B037-10F5DCCA188D}.Release|Any CPU.Build.0 = Release|Any CPU
		{19ADB460-18C1-4829-81D8-2D336B1B4673}.Debug|Any CPU.ActiveCfg = Debug|Any CPU
		{19ADB460-18C1-4829-81D8-2D336B1B4673}.Debug|Any CPU.Build.0 = Debug|Any CPU
		{19ADB460-18C1-4829-81D8-2D336B1B4673}.Release|Any CPU.ActiveCfg = Release|Any CPU
		{19ADB460-18C1-4829-81D8-2D336B1B4673}.Release|Any CPU.Build.0 = Release|Any CPU
		{498C2A5F-515F-4FB5-BECB-10C0F78984C4}.Debug|Any CPU.ActiveCfg = Debug|Any CPU
		{498C2A5F-515F-4FB5-BECB-10C0F78984C4}.Debug|Any CPU.Build.0 = Debug|Any CPU
		{498C2A5F-515F-4FB5-BECB-10C0F78984C4}.Release|Any CPU.ActiveCfg = Release|Any CPU
		{498C2A5F-515F-4FB5-BECB-10C0F78984C4}.Release|Any CPU.Build.0 = Release|Any CPU
		{4D5E96A2-DFA6-4261-AAE5-2646F168152B}.Debug|Any CPU.ActiveCfg = Debug|Any CPU
		{4D5E96A2-DFA6-4261-AAE5-2646F168152B}.Debug|Any CPU.Build.0 = Debug|Any CPU
		{4D5E96A2-DFA6-4261-AAE5-2646F168152B}.Release|Any CPU.ActiveCfg = Release|Any CPU
		{4D5E96A2-DFA6-4261-AAE5-2646F168152B}.Release|Any CPU.Build.0 = Release|Any CPU
	EndGlobalSection
EndGlobal
