
Microsoft Visual Studio Solution File, Format Version 12.00
Project("{FAE04EC0-301F-11D3-BF4B-00C04F79EFBC}") = "VerticalSliceArchitecture", "VerticalSliceArchitecture\VerticalSliceArchitecture.csproj", "{352A08CB-1F59-49DB-B763-99CF781DBFF8}"
EndProject
Global
	GlobalSection(SolutionConfigurationPlatforms) = preSolution
		Debug|Any CPU = Debug|Any CPU
		Release|Any CPU = Release|Any CPU
	EndGlobalSection
	GlobalSection(ProjectConfigurationPlatforms) = postSolution
		{352A08CB-1F59-49DB-B763-99CF781DBFF8}.Debug|Any CPU.ActiveCfg = Debug|Any CPU
		{352A08CB-1F59-49DB-B763-99CF781DBFF8}.Debug|Any CPU.Build.0 = Debug|Any CPU
		{352A08CB-1F59-49DB-B763-99CF781DBFF8}.Release|Any CPU.ActiveCfg = Release|Any CPU
		{352A08CB-1F59-49DB-B763-99CF781DBFF8}.Release|Any CPU.Build.0 = Release|Any CPU
	EndGlobalSection
EndGlobal
